{
  "nodes": {
    "flake-utils": {
      "inputs": {
        "systems": "systems"
      },
      "locked": {
        "lastModified": 1694529238,
        "narHash": "sha256-zsNZZGTGnMOf9YpHKJqMSsa0dXbfmxeoJ7xHlrt+xmY=",
        "owner": "numtide",
        "repo": "flake-utils",
        "rev": "ff7b65b44d01cf9ba6a71320833626af21126384",
        "type": "github"
      },
      "original": {
        "id": "flake-utils",
        "type": "indirect"
      }
    },
    "nixpkgs": {
      "locked": {
        "lastModified": 1701020769,
        "narHash": "sha256-4YzCo7xMzkG/t/VlTHqOg9hvXCvqdWYDX/jpF0h+Wr8=",
        "owner": "nixos",
        "repo": "nixpkgs",
        "rev": "b608fc233c0592210250974d1bb3c11dfaf95e58",
        "type": "github"
      },
      "original": {
        "owner": "nixos",
        "repo": "nixpkgs",
        "type": "github"
      }
    },
    "nur": {
      "inputs": {
        "nixpkgs": [
          "nixpkgs"
        ]
      },
      "locked": {
        "lastModified": 1700580516,
        "narHash": "sha256-h72i6afGKreU+DjpZ6+qersarYYp4YjX+DBQ+MQkOG4=",
        "ref": "refs/heads/main",
        "rev": "a68a81cbc743e84aaee331ae7e58699398dd732d",
        "revCount": 167,
        "type": "git",
        "url": "https://git.jojodev.com/jolheiser/nur"
      },
      "original": {
        "type": "git",
        "url": "https://git.jojodev.com/jolheiser/nur"
      }
    },
    "root": {
      "inputs": {
        "flake-utils": "flake-utils",
        "nixpkgs": "nixpkgs",
        "nur": "nur",
        "tailwind-ctp": "tailwind-ctp"
      }
    },
    "systems": {
      "locked": {
        "lastModified": 1681028828,
        "narHash": "sha256-Vy1rq5AaRuLzOxct8nz4T6wlgyUR7zLU309k9mBC768=",
        "owner": "nix-systems",
        "repo": "default",
        "rev": "da67096a3b9bf56a91d16901293e51ba5b49a27e",
        "type": "github"
      },
      "original": {
        "owner": "nix-systems",
        "repo": "default",
        "type": "github"
      }
    },
    "tailwind-ctp": {
      "inputs": {
        "nixpkgs": [
          "nixpkgs"
        ]
      },
      "locked": {
        "lastModified": 1695841587,
        "narHash": "sha256-fgiZd5AV+hi8Ne0bJ8SyAx5nppseW4aXJQEIDSr0VNA=",
        "ref": "refs/heads/main",
        "rev": "afca060674b20e0ccecde2d6fe88c887790219a5",
        "revCount": 1,
        "type": "git",
        "url": "https://git.jojodev.com/jolheiser/tailwind-ctp"
      },
      "original": {
        "type": "git",
        "url": "https://git.jojodev.com/jolheiser/tailwind-ctp"
      }
    }
  },
  "root": "root",
  "version": 7
}
