{
  "nodes": {
    "nixpkgs": {
      "locked": {
        "lastModified": 1719379843,
        "narHash": "sha256-u+D+IOAMMl70+CJ9NKB+RMrASjInuIWMHzjLWQjPZ6c=",
        "owner": "nixos",
        "repo": "nixpkgs",
        "rev": "b3f3c1b13fb08f3828442ee86630362e81136bbc",
        "type": "github"
      },
      "original": {
        "owner": "nixos",
        "ref": "nixpkgs-unstable",
        "repo": "nixpkgs",
        "type": "github"
      }
    },
    "root": {
      "inputs": {
        "nixpkgs": "nixpkgs",
        "tailwind-ctp": "tailwind-ctp",
        "tailwind-ctp-lsp": "tailwind-ctp-lsp"
      }
    },
    "tailwind-ctp": {
      "inputs": {
        "nixpkgs": [
          "nixpkgs"
        ]
      },
      "locked": {
        "lastModified": 1695841587,
        "narHash": "sha256-fgiZd5AV+hi8Ne0bJ8SyAx5nppseW4aXJQEIDSr0VNA=",
        "ref": "refs/heads/main",
        "rev": "afca060674b20e0ccecde2d6fe88c887790219a5",
        "revCount": 1,
        "type": "git",
        "url": "https://git.jolheiser.com/tailwind-ctp"
      },
      "original": {
        "type": "git",
        "url": "https://git.jolheiser.com/tailwind-ctp"
      }
    },
    "tailwind-ctp-lsp": {
      "inputs": {
        "nixpkgs": [
          "nixpkgs"
        ]
      },
      "locked": {
        "lastModified": 1699401590,
        "narHash": "sha256-nx8ExuBRUux9eXSUgkWp1LJMvA3dmA76+2xggZjHTU0=",
        "ref": "refs/heads/master",
        "rev": "b321333ad08bf21db242f246b10ad4a50b8fc8a0",
        "revCount": 848,
        "type": "git",
        "url": "https://git.jolheiser.com/tailwind-ctp-intellisense"
      },
      "original": {
        "type": "git",
        "url": "https://git.jolheiser.com/tailwind-ctp-intellisense"
      }
    }
  },
  "root": "root",
  "version": 7
}
