{
  "nodes": {
    "nixpkgs": {
      "locked": {
        "lastModified": 1755205935,
        "narHash": "sha256-EQ6qHuJWguaoBZyxdqsgJqyEdS77k+2CnlKrfFxlkRY=",
        "owner": "nixos",
        "repo": "nixpkgs",
        "rev": "c5e2e42c112de623adfd662b3e51f0805bf9ff83",
        "type": "github"
      },
      "original": {
        "owner": "nixos",
        "ref": "nixpkgs-unstable",
        "repo": "nixpkgs",
        "type": "github"
      }
    },
    "root": {
      "inputs": {
        "nixpkgs": "nixpkgs",
        "tailwind-ctp": "tailwind-ctp",
        "tailwind-ctp-lsp": "tailwind-ctp-lsp"
      }
    },
    "tailwind-ctp": {
      "inputs": {
        "nixpkgs": [
          "nixpkgs"
        ]
      },
      "locked": {
        "lastModified": 1753803577,
        "narHash": "sha256-sE5IgsHacXmfsWJjVVPvb7Aa6oHElt+nfP6+3Pqa414=",
        "ref": "refs/heads/main",
        "rev": "4ce9431cbb4e9e5dceadfbc413fbd34e7305fe8e",
        "revCount": 3,
        "type": "git",
        "url": "https://git.jolheiser.com/tailwind-ctp"
      },
      "original": {
        "type": "git",
        "url": "https://git.jolheiser.com/tailwind-ctp"
      }
    },
    "tailwind-ctp-lsp": {
      "inputs": {
        "nixpkgs": [
          "nixpkgs"
        ]
      },
      "locked": {
        "lastModified": 1699401590,
        "narHash": "sha256-nx8ExuBRUux9eXSUgkWp1LJMvA3dmA76+2xggZjHTU0=",
        "ref": "refs/heads/master",
        "rev": "b321333ad08bf21db242f246b10ad4a50b8fc8a0",
        "revCount": 848,
        "type": "git",
        "url": "https://git.jolheiser.com/tailwind-ctp-intellisense"
      },
      "original": {
        "type": "git",
        "url": "https://git.jolheiser.com/tailwind-ctp-intellisense"
      }
    }
  },
  "root": "root",
  "version": 7
}
